
Microsoft Visual Studio Solution File, Format Version 12.00
# Visual Studio Version 17
VisualStudioVersion = 17.0.31903.59
MinimumVisualStudioVersion = 10.0.40219.1
Project("{FAE04EC0-301F-11D3-BF4B-00C04F79EFBC}") = "MedicalSamples", "MedicalSamples\MedicalSamples.csproj", "{0106271C-B273-4B8B-B3DD-28BD3BB9A585}"
EndProject
Project("{FAE04EC0-301F-11D3-BF4B-00C04F79EFBC}") = "MedicalSamplesTest", "MedicalSamplesTest\MedicalSamplesTest.csproj", "{26E111B7-34A9-4893-86A4-BCE01488B550}"
EndProject
Global
	GlobalSection(SolutionConfigurationPlatforms) = preSolution
		Debug|Any CPU = Debug|Any CPU
		Release|Any CPU = Release|Any CPU
	EndGlobalSection
	GlobalSection(ProjectConfigurationPlatforms) = postSolution
		{0106271C-B273-4B8B-B3DD-28BD3BB9A585}.Debug|Any CPU.ActiveCfg = Debug|Any CPU
		{0106271C-B273-4B8B-B3DD-28BD3BB9A585}.Debug|Any CPU.Build.0 = Debug|Any CPU
		{0106271C-B273-4B8B-B3DD-28BD3BB9A585}.Release|Any CPU.ActiveCfg = Release|Any CPU
		{0106271C-B273-4B8B-B3DD-28BD3BB9A585}.Release|Any CPU.Build.0 = Release|Any CPU
		{26E111B7-34A9-4893-86A4-BCE01488B550}.Debug|Any CPU.ActiveCfg = Debug|Any CPU
		{26E111B7-34A9-4893-86A4-BCE01488B550}.Debug|Any CPU.Build.0 = Debug|Any CPU
		{26E111B7-34A9-4893-86A4-BCE01488B550}.Release|Any CPU.ActiveCfg = Release|Any CPU
		{26E111B7-34A9-4893-86A4-BCE01488B550}.Release|Any CPU.Build.0 = Release|Any CPU
	EndGlobalSection
	GlobalSection(SolutionProperties) = preSolution
		HideSolutionNode = FALSE
	EndGlobalSection
	GlobalSection(ExtensibilityGlobals) = postSolution
		SolutionGuid = {0B9D5876-CA7F-49E9-BE03-CA8B96EBD67A}
	EndGlobalSection
EndGlobal
